// !$*UTF8*$!
{
	archiveVersion = 1;
	classes = {
	};
	objectVersion = 56;
	objects = {

/* Begin PBXBuildFile section */
		10371FF32BC1277000C4492C /* AppDelegate.swift in Sources */ = {isa = PBXBuildFile; fileRef = 10371FF22BC1277000C4492C /* AppDelegate.swift */; };
		10371FF52BC1277000C4492C /* SceneDelegate.swift in Sources */ = {isa = PBXBuildFile; fileRef = 10371FF42BC1277000C4492C /* SceneDelegate.swift */; };
		10371FF72BC1277000C4492C /* MainViewController.swift in Sources */ = {isa = PBXBuildFile; fileRef = 10371FF62BC1277000C4492C /* MainViewController.swift */; };
		10371FFA2BC1277000C4492C /* Main.storyboard in Resources */ = {isa = PBXBuildFile; fileRef = 10371FF82BC1277000C4492C /* Main.storyboard */; };
		10371FFC2BC1277100C4492C /* Assets.xcassets in Resources */ = {isa = PBXBuildFile; fileRef = 10371FFB2BC1277100C4492C /* Assets.xcassets */; };
		10371FFF2BC1277100C4492C /* LaunchScreen.storyboard in Resources */ = {isa = PBXBuildFile; fileRef = 10371FFD2BC1277100C4492C /* LaunchScreen.storyboard */; };
		103720082BC1279F00C4492C /* Lottie in Frameworks */ = {isa = PBXBuildFile; productRef = 103720072BC1279F00C4492C /* Lottie */; };
		1037200B2BC127F600C4492C /* SnapKit in Frameworks */ = {isa = PBXBuildFile; productRef = 1037200A2BC127F600C4492C /* SnapKit */; };
		1037200E2BC1282000C4492C /* SwipeCellKit in Frameworks */ = {isa = PBXBuildFile; productRef = 1037200D2BC1282000C4492C /* SwipeCellKit */; };
		103720112BC1289500C4492C /* RealmSwift in Frameworks */ = {isa = PBXBuildFile; productRef = 103720102BC1289500C4492C /* RealmSwift */; };
		103720142BC129D600C4492C /* ServiceContainable.swift in Sources */ = {isa = PBXBuildFile; fileRef = 103720132BC129D600C4492C /* ServiceContainable.swift */; };
		103720172BC12A3E00C4492C /* Device.swift in Sources */ = {isa = PBXBuildFile; fileRef = 103720162BC12A3E00C4492C /* Device.swift */; };
		103720192BC12A5B00C4492C /* HeaderMainView.swift in Sources */ = {isa = PBXBuildFile; fileRef = 103720182BC12A5B00C4492C /* HeaderMainView.swift */; };
		1037201B2BC12A7100C4492C /* InstanceFromNibProtocol.swift in Sources */ = {isa = PBXBuildFile; fileRef = 1037201A2BC12A7100C4492C /* InstanceFromNibProtocol.swift */; };
		1037201D2BC12AAF00C4492C /* UserServiceable.swift in Sources */ = {isa = PBXBuildFile; fileRef = 1037201C2BC12AAF00C4492C /* UserServiceable.swift */; };
		1037201F2BC12ACF00C4492C /* MainDelegateProtocol.swift in Sources */ = {isa = PBXBuildFile; fileRef = 1037201E2BC12ACF00C4492C /* MainDelegateProtocol.swift */; };
		103720212BC12AFA00C4492C /* SearchDelegate.swift in Sources */ = {isa = PBXBuildFile; fileRef = 103720202BC12AFA00C4492C /* SearchDelegate.swift */; };
		103720242BC12B3A00C4492C /* Extensions.swift in Sources */ = {isa = PBXBuildFile; fileRef = 103720232BC12B3A00C4492C /* Extensions.swift */; };
		103720272BC12BD000C4492C /* MainPageCell.xib in Resources */ = {isa = PBXBuildFile; fileRef = 103720252BC12BD000C4492C /* MainPageCell.xib */; };
		103720282BC12BD000C4492C /* MainPageCell.swift in Sources */ = {isa = PBXBuildFile; fileRef = 103720262BC12BD000C4492C /* MainPageCell.swift */; };
		1037202A2BC12BFF00C4492C /* HeaderTableView.swift in Sources */ = {isa = PBXBuildFile; fileRef = 103720292BC12BFF00C4492C /* HeaderTableView.swift */; };
		1037202C2BC12D9500C4492C /* HeaderMainView.xib in Resources */ = {isa = PBXBuildFile; fileRef = 1037202B2BC12D9500C4492C /* HeaderMainView.xib */; };
		103720312BC12E4A00C4492C /* MainViewModel.swift in Sources */ = {isa = PBXBuildFile; fileRef = 103720302BC12E4A00C4492C /* MainViewModel.swift */; };
		103720332BC12E8C00C4492C /* MainViewPermissionLabel.swift in Sources */ = {isa = PBXBuildFile; fileRef = 103720322BC12E8C00C4492C /* MainViewPermissionLabel.swift */; };
/* End PBXBuildFile section */

/* Begin PBXFileReference section */
		10371FEF2BC1277000C4492C /* BluetoothApp.app */ = {isa = PBXFileReference; explicitFileType = wrapper.application; includeInIndex = 0; path = BluetoothApp.app; sourceTree = BUILT_PRODUCTS_DIR; };
		10371FF22BC1277000C4492C /* AppDelegate.swift */ = {isa = PBXFileReference; lastKnownFileType = sourcecode.swift; path = AppDelegate.swift; sourceTree = "<group>"; };
		10371FF42BC1277000C4492C /* SceneDelegate.swift */ = {isa = PBXFileReference; lastKnownFileType = sourcecode.swift; path = SceneDelegate.swift; sourceTree = "<group>"; };
		10371FF62BC1277000C4492C /* MainViewController.swift */ = {isa = PBXFileReference; lastKnownFileType = sourcecode.swift; path = MainViewController.swift; sourceTree = "<group>"; };
		10371FF92BC1277000C4492C /* Base */ = {isa = PBXFileReference; lastKnownFileType = file.storyboard; name = Base; path = Base.lproj/Main.storyboard; sourceTree = "<group>"; };
		10371FFB2BC1277100C4492C /* Assets.xcassets */ = {isa = PBXFileReference; lastKnownFileType = folder.assetcatalog; path = Assets.xcassets; sourceTree = "<group>"; };
		10371FFE2BC1277100C4492C /* Base */ = {isa = PBXFileReference; lastKnownFileType = file.storyboard; name = Base; path = Base.lproj/LaunchScreen.storyboard; sourceTree = "<group>"; };
		103720002BC1277100C4492C /* Info.plist */ = {isa = PBXFileReference; lastKnownFileType = text.plist.xml; path = Info.plist; sourceTree = "<group>"; };
		103720132BC129D600C4492C /* ServiceContainable.swift */ = {isa = PBXFileReference; lastKnownFileType = sourcecode.swift; path = ServiceContainable.swift; sourceTree = "<group>"; };
		103720162BC12A3E00C4492C /* Device.swift */ = {isa = PBXFileReference; lastKnownFileType = sourcecode.swift; path = Device.swift; sourceTree = "<group>"; };
		103720182BC12A5B00C4492C /* HeaderMainView.swift */ = {isa = PBXFileReference; lastKnownFileType = sourcecode.swift; path = HeaderMainView.swift; sourceTree = "<group>"; };
		1037201A2BC12A7100C4492C /* InstanceFromNibProtocol.swift */ = {isa = PBXFileReference; lastKnownFileType = sourcecode.swift; path = InstanceFromNibProtocol.swift; sourceTree = "<group>"; };
		1037201C2BC12AAF00C4492C /* UserServiceable.swift */ = {isa = PBXFileReference; lastKnownFileType = sourcecode.swift; path = UserServiceable.swift; sourceTree = "<group>"; };
		1037201E2BC12ACF00C4492C /* MainDelegateProtocol.swift */ = {isa = PBXFileReference; lastKnownFileType = sourcecode.swift; path = MainDelegateProtocol.swift; sourceTree = "<group>"; };
		103720202BC12AFA00C4492C /* SearchDelegate.swift */ = {isa = PBXFileReference; lastKnownFileType = sourcecode.swift; path = SearchDelegate.swift; sourceTree = "<group>"; };
		103720232BC12B3A00C4492C /* Extensions.swift */ = {isa = PBXFileReference; lastKnownFileType = sourcecode.swift; path = Extensions.swift; sourceTree = "<group>"; };
		103720252BC12BD000C4492C /* MainPageCell.xib */ = {isa = PBXFileReference; fileEncoding = 4; lastKnownFileType = file.xib; path = MainPageCell.xib; sourceTree = "<group>"; };
		103720262BC12BD000C4492C /* MainPageCell.swift */ = {isa = PBXFileReference; fileEncoding = 4; lastKnownFileType = sourcecode.swift; path = MainPageCell.swift; sourceTree = "<group>"; };
		103720292BC12BFF00C4492C /* HeaderTableView.swift */ = {isa = PBXFileReference; lastKnownFileType = sourcecode.swift; path = HeaderTableView.swift; sourceTree = "<group>"; };
		1037202B2BC12D9500C4492C /* HeaderMainView.xib */ = {isa = PBXFileReference; fileEncoding = 4; lastKnownFileType = file.xib; path = HeaderMainView.xib; sourceTree = "<group>"; };
		103720302BC12E4A00C4492C /* MainViewModel.swift */ = {isa = PBXFileReference; lastKnownFileType = sourcecode.swift; path = MainViewModel.swift; sourceTree = "<group>"; };
		103720322BC12E8C00C4492C /* MainViewPermissionLabel.swift */ = {isa = PBXFileReference; lastKnownFileType = sourcecode.swift; path = MainViewPermissionLabel.swift; sourceTree = "<group>"; };
/* End PBXFileReference section */

/* Begin PBXFrameworksBuildPhase section */
		10371FEC2BC1277000C4492C /* Frameworks */ = {
			isa = PBXFrameworksBuildPhase;
			buildActionMask = 2147483647;
			files = (
				103720112BC1289500C4492C /* RealmSwift in Frameworks */,
				103720082BC1279F00C4492C /* Lottie in Frameworks */,
				1037200E2BC1282000C4492C /* SwipeCellKit in Frameworks */,
				1037200B2BC127F600C4492C /* SnapKit in Frameworks */,
			);
			runOnlyForDeploymentPostprocessing = 0;
		};
/* End PBXFrameworksBuildPhase section */

/* Begin PBXGroup section */
		10371FE62BC1277000C4492C = {
			isa = PBXGroup;
			children = (
				10371FF12BC1277000C4492C /* BluetoothApp */,
				10371FF02BC1277000C4492C /* Products */,
			);
			sourceTree = "<group>";
		};
		10371FF02BC1277000C4492C /* Products */ = {
			isa = PBXGroup;
			children = (
				10371FEF2BC1277000C4492C /* BluetoothApp.app */,
			);
			name = Products;
			sourceTree = "<group>";
		};
		10371FF12BC1277000C4492C /* BluetoothApp */ = {
			isa = PBXGroup;
			children = (
				103720222BC12B2E00C4492C /* Extensions */,
				103720152BC12A3300C4492C /* Model */,
				1037202F2BC12DC500C4492C /* ViewControllers */,
				1037202E2BC12DA900C4492C /* UI */,
				103720122BC128C200C4492C /* Supproting Files */,
			);
			path = BluetoothApp;
			sourceTree = "<group>";
		};
		103720122BC128C200C4492C /* Supproting Files */ = {
			isa = PBXGroup;
			children = (
				10371FF22BC1277000C4492C /* AppDelegate.swift */,
				10371FF42BC1277000C4492C /* SceneDelegate.swift */,
				10371FF82BC1277000C4492C /* Main.storyboard */,
				10371FFB2BC1277100C4492C /* Assets.xcassets */,
				10371FFD2BC1277100C4492C /* LaunchScreen.storyboard */,
				103720002BC1277100C4492C /* Info.plist */,
			);
			path = "Supproting Files";
			sourceTree = "<group>";
		};
		103720152BC12A3300C4492C /* Model */ = {
			isa = PBXGroup;
			children = (
				103720132BC129D600C4492C /* ServiceContainable.swift */,
				103720162BC12A3E00C4492C /* Device.swift */,
				1037201C2BC12AAF00C4492C /* UserServiceable.swift */,
				1037201E2BC12ACF00C4492C /* MainDelegateProtocol.swift */,
				103720202BC12AFA00C4492C /* SearchDelegate.swift */,
			);
			path = Model;
			sourceTree = "<group>";
		};
		103720222BC12B2E00C4492C /* Extensions */ = {
			isa = PBXGroup;
			children = (
				103720232BC12B3A00C4492C /* Extensions.swift */,
			);
			path = Extensions;
			sourceTree = "<group>";
		};
		1037202D2BC12DA000C4492C /* Xib */ = {
			isa = PBXGroup;
			children = (
				103720262BC12BD000C4492C /* MainPageCell.swift */,
				103720252BC12BD000C4492C /* MainPageCell.xib */,
				103720182BC12A5B00C4492C /* HeaderMainView.swift */,
				1037202B2BC12D9500C4492C /* HeaderMainView.xib */,
			);
			path = Xib;
			sourceTree = "<group>";
		};
		1037202E2BC12DA900C4492C /* UI */ = {
			isa = PBXGroup;
			children = (
				1037202D2BC12DA000C4492C /* Xib */,
				103720292BC12BFF00C4492C /* HeaderTableView.swift */,
				1037201A2BC12A7100C4492C /* InstanceFromNibProtocol.swift */,
				103720322BC12E8C00C4492C /* MainViewPermissionLabel.swift */,
			);
			path = UI;
			sourceTree = "<group>";
		};
		1037202F2BC12DC500C4492C /* ViewControllers */ = {
			isa = PBXGroup;
			children = (
				103720302BC12E4A00C4492C /* MainViewModel.swift */,
				10371FF62BC1277000C4492C /* MainViewController.swift */,
			);
			path = ViewControllers;
			sourceTree = "<group>";
		};
/* End PBXGroup section */

/* Begin PBXNativeTarget section */
		10371FEE2BC1277000C4492C /* BluetoothApp */ = {
			isa = PBXNativeTarget;
			buildConfigurationList = 103720032BC1277100C4492C /* Build configuration list for PBXNativeTarget "BluetoothApp" */;
			buildPhases = (
				10371FEB2BC1277000C4492C /* Sources */,
				10371FEC2BC1277000C4492C /* Frameworks */,
				10371FED2BC1277000C4492C /* Resources */,
			);
			buildRules = (
			);
			dependencies = (
			);
			name = BluetoothApp;
			packageProductDependencies = (
				103720072BC1279F00C4492C /* Lottie */,
				1037200A2BC127F600C4492C /* SnapKit */,
				1037200D2BC1282000C4492C /* SwipeCellKit */,
				103720102BC1289500C4492C /* RealmSwift */,
			);
			productName = BluetoothApp;
			productReference = 10371FEF2BC1277000C4492C /* BluetoothApp.app */;
			productType = "com.apple.product-type.application";
		};
/* End PBXNativeTarget section */

/* Begin PBXProject section */
		10371FE72BC1277000C4492C /* Project object */ = {
			isa = PBXProject;
			attributes = {
				BuildIndependentTargetsInParallel = 1;
				LastSwiftUpdateCheck = 1520;
				LastUpgradeCheck = 1520;
				TargetAttributes = {
					10371FEE2BC1277000C4492C = {
						CreatedOnToolsVersion = 15.2;
					};
				};
			};
			buildConfigurationList = 10371FEA2BC1277000C4492C /* Build configuration list for PBXProject "BluetoothApp" */;
			compatibilityVersion = "Xcode 14.0";
			developmentRegion = en;
			hasScannedForEncodings = 0;
			knownRegions = (
				en,
				Base,
			);
			mainGroup = 10371FE62BC1277000C4492C;
			packageReferences = (
				103720062BC1279F00C4492C /* XCRemoteSwiftPackageReference "lottie-spm" */,
				103720092BC127F600C4492C /* XCRemoteSwiftPackageReference "SnapKit" */,
				1037200C2BC1282000C4492C /* XCRemoteSwiftPackageReference "SwipeCellKit" */,
				1037200F2BC1289500C4492C /* XCRemoteSwiftPackageReference "realm-swift" */,
			);
			productRefGroup = 10371FF02BC1277000C4492C /* Products */;
			projectDirPath = "";
			projectRoot = "";
			targets = (
				10371FEE2BC1277000C4492C /* BluetoothApp */,
			);
		};
/* End PBXProject section */

/* Begin PBXResourcesBuildPhase section */
		10371FED2BC1277000C4492C /* Resources */ = {
			isa = PBXResourcesBuildPhase;
			buildActionMask = 2147483647;
			files = (
				10371FFF2BC1277100C4492C /* LaunchScreen.storyboard in Resources */,
				10371FFC2BC1277100C4492C /* Assets.xcassets in Resources */,
				10371FFA2BC1277000C4492C /* Main.storyboard in Resources */,
				1037202C2BC12D9500C4492C /* HeaderMainView.xib in Resources */,
				103720272BC12BD000C4492C /* MainPageCell.xib in Resources */,
			);
			runOnlyForDeploymentPostprocessing = 0;
		};
/* End PBXResourcesBuildPhase section */

/* Begin PBXSourcesBuildPhase section */
		10371FEB2BC1277000C4492C /* Sources */ = {
			isa = PBXSourcesBuildPhase;
			buildActionMask = 2147483647;
			files = (
				103720142BC129D600C4492C /* ServiceContainable.swift in Sources */,
				10371FF72BC1277000C4492C /* MainViewController.swift in Sources */,
				103720212BC12AFA00C4492C /* SearchDelegate.swift in Sources */,
				103720192BC12A5B00C4492C /* HeaderMainView.swift in Sources */,
				1037202A2BC12BFF00C4492C /* HeaderTableView.swift in Sources */,
				1037201F2BC12ACF00C4492C /* MainDelegateProtocol.swift in Sources */,
				10371FF32BC1277000C4492C /* AppDelegate.swift in Sources */,
				103720312BC12E4A00C4492C /* MainViewModel.swift in Sources */,
				1037201D2BC12AAF00C4492C /* UserServiceable.swift in Sources */,
				103720282BC12BD000C4492C /* MainPageCell.swift in Sources */,
				103720332BC12E8C00C4492C /* MainViewPermissionLabel.swift in Sources */,
				10371FF52BC1277000C4492C /* SceneDelegate.swift in Sources */,
				103720172BC12A3E00C4492C /* Device.swift in Sources */,
				103720242BC12B3A00C4492C /* Extensions.swift in Sources */,
				1037201B2BC12A7100C4492C /* InstanceFromNibProtocol.swift in Sources */,
			);
			runOnlyForDeploymentPostprocessing = 0;
		};
/* End PBXSourcesBuildPhase section */

/* Begin PBXVariantGroup section */
		10371FF82BC1277000C4492C /* Main.storyboard */ = {
			isa = PBXVariantGroup;
			children = (
				10371FF92BC1277000C4492C /* Base */,
			);
			name = Main.storyboard;
			sourceTree = "<group>";
		};
		10371FFD2BC1277100C4492C /* LaunchScreen.storyboard */ = {
			isa = PBXVariantGroup;
			children = (
				10371FFE2BC1277100C4492C /* Base */,
			);
			name = LaunchScreen.storyboard;
			sourceTree = "<group>";
		};
/* End PBXVariantGroup section */

/* Begin XCBuildConfiguration section */
		103720012BC1277100C4492C /* Debug */ = {
			isa = XCBuildConfiguration;
			buildSettings = {
				ALWAYS_SEARCH_USER_PATHS = NO;
				ASSETCATALOG_COMPILER_GENERATE_SWIFT_ASSET_SYMBOL_EXTENSIONS = YES;
				CLANG_ANALYZER_NONNULL = YES;
				CLANG_ANALYZER_NUMBER_OBJECT_CONVERSION = YES_AGGRESSIVE;
				CLANG_CXX_LANGUAGE_STANDARD = "gnu++20";
				CLANG_ENABLE_MODULES = YES;
				CLANG_ENABLE_OBJC_ARC = YES;
				CLANG_ENABLE_OBJC_WEAK = YES;
				CLANG_WARN_BLOCK_CAPTURE_AUTORELEASING = YES;
				CLANG_WARN_BOOL_CONVERSION = YES;
				CLANG_WARN_COMMA = YES;
				CLANG_WARN_CONSTANT_CONVERSION = YES;
				CLANG_WARN_DEPRECATED_OBJC_IMPLEMENTATIONS = YES;
				CLANG_WARN_DIRECT_OBJC_ISA_USAGE = YES_ERROR;
				CLANG_WARN_DOCUMENTATION_COMMENTS = YES;
				CLANG_WARN_EMPTY_BODY = YES;
				CLANG_WARN_ENUM_CONVERSION = YES;
				CLANG_WARN_INFINITE_RECURSION = YES;
				CLANG_WARN_INT_CONVERSION = YES;
				CLANG_WARN_NON_LITERAL_NULL_CONVERSION = YES;
				CLANG_WARN_OBJC_IMPLICIT_RETAIN_SELF = YES;
				CLANG_WARN_OBJC_LITERAL_CONVERSION = YES;
				CLANG_WARN_OBJC_ROOT_CLASS = YES_ERROR;
				CLANG_WARN_QUOTED_INCLUDE_IN_FRAMEWORK_HEADER = YES;
				CLANG_WARN_RANGE_LOOP_ANALYSIS = YES;
				CLANG_WARN_STRICT_PROTOTYPES = YES;
				CLANG_WARN_SUSPICIOUS_MOVE = YES;
				CLANG_WARN_UNGUARDED_AVAILABILITY = YES_AGGRESSIVE;
				CLANG_WARN_UNREACHABLE_CODE = YES;
				CLANG_WARN__DUPLICATE_METHOD_MATCH = YES;
				COPY_PHASE_STRIP = NO;
				DEBUG_INFORMATION_FORMAT = dwarf;
				ENABLE_STRICT_OBJC_MSGSEND = YES;
				ENABLE_TESTABILITY = YES;
				ENABLE_USER_SCRIPT_SANDBOXING = YES;
				GCC_C_LANGUAGE_STANDARD = gnu17;
				GCC_DYNAMIC_NO_PIC = NO;
				GCC_NO_COMMON_BLOCKS = YES;
				GCC_OPTIMIZATION_LEVEL = 0;
				GCC_PREPROCESSOR_DEFINITIONS = (
					"DEBUG=1",
					"$(inherited)",
				);
				GCC_WARN_64_TO_32_BIT_CONVERSION = YES;
				GCC_WARN_ABOUT_RETURN_TYPE = YES_ERROR;
				GCC_WARN_UNDECLARED_SELECTOR = YES;
				GCC_WARN_UNINITIALIZED_AUTOS = YES_AGGRESSIVE;
				GCC_WARN_UNUSED_FUNCTION = YES;
				GCC_WARN_UNUSED_VARIABLE = YES;
				IPHONEOS_DEPLOYMENT_TARGET = 17.2;
				LOCALIZATION_PREFERS_STRING_CATALOGS = YES;
				MTL_ENABLE_DEBUG_INFO = INCLUDE_SOURCE;
				MTL_FAST_MATH = YES;
				ONLY_ACTIVE_ARCH = YES;
				SDKROOT = iphoneos;
				SWIFT_ACTIVE_COMPILATION_CONDITIONS = "DEBUG $(inherited)";
				SWIFT_OPTIMIZATION_LEVEL = "-Onone";
			};
			name = Debug;
		};
		103720022BC1277100C4492C /* Release */ = {
			isa = XCBuildConfiguration;
			buildSettings = {
				ALWAYS_SEARCH_USER_PATHS = NO;
				ASSETCATALOG_COMPILER_GENERATE_SWIFT_ASSET_SYMBOL_EXTENSIONS = YES;
				CLANG_ANALYZER_NONNULL = YES;
				CLANG_ANALYZER_NUMBER_OBJECT_CONVERSION = YES_AGGRESSIVE;
				CLANG_CXX_LANGUAGE_STANDARD = "gnu++20";
				CLANG_ENABLE_MODULES = YES;
				CLANG_ENABLE_OBJC_ARC = YES;
				CLANG_ENABLE_OBJC_WEAK = YES;
				CLANG_WARN_BLOCK_CAPTURE_AUTORELEASING = YES;
				CLANG_WARN_BOOL_CONVERSION = YES;
				CLANG_WARN_COMMA = YES;
				CLANG_WARN_CONSTANT_CONVERSION = YES;
				CLANG_WARN_DEPRECATED_OBJC_IMPLEMENTATIONS = YES;
				CLANG_WARN_DIRECT_OBJC_ISA_USAGE = YES_ERROR;
				CLANG_WARN_DOCUMENTATION_COMMENTS = YES;
				CLANG_WARN_EMPTY_BODY = YES;
				CLANG_WARN_ENUM_CONVERSION = YES;
				CLANG_WARN_INFINITE_RECURSION = YES;
				CLANG_WARN_INT_CONVERSION = YES;
				CLANG_WARN_NON_LITERAL_NULL_CONVERSION = YES;
				CLANG_WARN_OBJC_IMPLICIT_RETAIN_SELF = YES;
				CLANG_WARN_OBJC_LITERAL_CONVERSION = YES;
				CLANG_WARN_OBJC_ROOT_CLASS = YES_ERROR;
				CLANG_WARN_QUOTED_INCLUDE_IN_FRAMEWORK_HEADER = YES;
				CLANG_WARN_RANGE_LOOP_ANALYSIS = YES;
				CLANG_WARN_STRICT_PROTOTYPES = YES;
				CLANG_WARN_SUSPICIOUS_MOVE = YES;
				CLANG_WARN_UNGUARDED_AVAILABILITY = YES_AGGRESSIVE;
				CLANG_WARN_UNREACHABLE_CODE = YES;
				CLANG_WARN__DUPLICATE_METHOD_MATCH = YES;
				COPY_PHASE_STRIP = NO;
				DEBUG_INFORMATION_FORMAT = "dwarf-with-dsym";
				ENABLE_NS_ASSERTIONS = NO;
				ENABLE_STRICT_OBJC_MSGSEND = YES;
				ENABLE_USER_SCRIPT_SANDBOXING = YES;
				GCC_C_LANGUAGE_STANDARD = gnu17;
				GCC_NO_COMMON_BLOCKS = YES;
				GCC_WARN_64_TO_32_BIT_CONVERSION = YES;
				GCC_WARN_ABOUT_RETURN_TYPE = YES_ERROR;
				GCC_WARN_UNDECLARED_SELECTOR = YES;
				GCC_WARN_UNINITIALIZED_AUTOS = YES_AGGRESSIVE;
				GCC_WARN_UNUSED_FUNCTION = YES;
				GCC_WARN_UNUSED_VARIABLE = YES;
				IPHONEOS_DEPLOYMENT_TARGET = 17.2;
				LOCALIZATION_PREFERS_STRING_CATALOGS = YES;
				MTL_ENABLE_DEBUG_INFO = NO;
				MTL_FAST_MATH = YES;
				SDKROOT = iphoneos;
				SWIFT_COMPILATION_MODE = wholemodule;
				VALIDATE_PRODUCT = YES;
			};
			name = Release;
		};
		103720042BC1277100C4492C /* Debug */ = {
			isa = XCBuildConfiguration;
			buildSettings = {
				ASSETCATALOG_COMPILER_APPICON_NAME = AppIcon;
				ASSETCATALOG_COMPILER_GLOBAL_ACCENT_COLOR_NAME = AccentColor;
				CODE_SIGN_STYLE = Automatic;
				CURRENT_PROJECT_VERSION = 1;
				DEVELOPMENT_TEAM = KTV28US9SX;
				GENERATE_INFOPLIST_FILE = YES;
				INFOPLIST_FILE = "BluetoothApp/Supproting Files/Info.plist";
				INFOPLIST_KEY_NSBluetoothAlwaysUsageDescription = "Для сканирования устройств";
				INFOPLIST_KEY_UIApplicationSupportsIndirectInputEvents = YES;
				INFOPLIST_KEY_UILaunchStoryboardName = LaunchScreen;
				INFOPLIST_KEY_UIMainStoryboardFile = Main;
				INFOPLIST_KEY_UISupportedInterfaceOrientations_iPad = "UIInterfaceOrientationPortrait UIInterfaceOrientationPortraitUpsideDown UIInterfaceOrientationLandscapeLeft UIInterfaceOrientationLandscapeRight";
				INFOPLIST_KEY_UISupportedInterfaceOrientations_iPhone = "UIInterfaceOrientationPortrait UIInterfaceOrientationLandscapeLeft UIInterfaceOrientationLandscapeRight";
				IPHONEOS_DEPLOYMENT_TARGET = 16.0;
				LD_RUNPATH_SEARCH_PATHS = (
					"$(inherited)",
					"@executable_path/Frameworks",
				);
				MARKETING_VERSION = 1.0;
				PRODUCT_BUNDLE_IDENTIFIER = com.sapgv.BluetoothApp;
				PRODUCT_NAME = "$(TARGET_NAME)";
				SWIFT_EMIT_LOC_STRINGS = YES;
				SWIFT_VERSION = 5.0;
				TARGETED_DEVICE_FAMILY = "1,2";
			};
			name = Debug;
		};
		103720052BC1277100C4492C /* Release */ = {
			isa = XCBuildConfiguration;
			buildSettings = {
				ASSETCATALOG_COMPILER_APPICON_NAME = AppIcon;
				ASSETCATALOG_COMPILER_GLOBAL_ACCENT_COLOR_NAME = AccentColor;
				CODE_SIGN_STYLE = Automatic;
				CURRENT_PROJECT_VERSION = 1;
				DEVELOPMENT_TEAM = KTV28US9SX;
				GENERATE_INFOPLIST_FILE = YES;
				INFOPLIST_FILE = "BluetoothApp/Supproting Files/Info.plist";
				INFOPLIST_KEY_NSBluetoothAlwaysUsageDescription = "Для сканирования устройств";
				INFOPLIST_KEY_UIApplicationSupportsIndirectInputEvents = YES;
				INFOPLIST_KEY_UILaunchStoryboardName = LaunchScreen;
				INFOPLIST_KEY_UIMainStoryboardFile = Main;
				INFOPLIST_KEY_UISupportedInterfaceOrientations_iPad = "UIInterfaceOrientationPortrait UIInterfaceOrientationPortraitUpsideDown UIInterfaceOrientationLandscapeLeft UIInterfaceOrientationLandscapeRight";
				INFOPLIST_KEY_UISupportedInterfaceOrientations_iPhone = "UIInterfaceOrientationPortrait UIInterfaceOrientationLandscapeLeft UIInterfaceOrientationLandscapeRight";
				IPHONEOS_DEPLOYMENT_TARGET = 16.0;
				LD_RUNPATH_SEARCH_PATHS = (
					"$(inherited)",
					"@executable_path/Frameworks",
				);
				MARKETING_VERSION = 1.0;
				PRODUCT_BUNDLE_IDENTIFIER = com.sapgv.BluetoothApp;
				PRODUCT_NAME = "$(TARGET_NAME)";
				SWIFT_EMIT_LOC_STRINGS = YES;
				SWIFT_VERSION = 5.0;
				TARGETED_DEVICE_FAMILY = "1,2";
			};
			name = Release;
		};
/* End XCBuildConfiguration section */

/* Begin XCConfigurationList section */
		10371FEA2BC1277000C4492C /* Build configuration list for PBXProject "BluetoothApp" */ = {
			isa = XCConfigurationList;
			buildConfigurations = (
				103720012BC1277100C4492C /* Debug */,
				103720022BC1277100C4492C /* Release */,
			);
			defaultConfigurationIsVisible = 0;
			defaultConfigurationName = Release;
		};
		103720032BC1277100C4492C /* Build configuration list for PBXNativeTarget "BluetoothApp" */ = {
			isa = XCConfigurationList;
			buildConfigurations = (
				103720042BC1277100C4492C /* Debug */,
				103720052BC1277100C4492C /* Release */,
			);
			defaultConfigurationIsVisible = 0;
			defaultConfigurationName = Release;
		};
/* End XCConfigurationList section */

/* Begin XCRemoteSwiftPackageReference section */
		103720062BC1279F00C4492C /* XCRemoteSwiftPackageReference "lottie-spm" */ = {
			isa = XCRemoteSwiftPackageReference;
			repositoryURL = "https://github.com/airbnb/lottie-spm.git";
			requirement = {
				kind = upToNextMajorVersion;
				minimumVersion = 4.4.2;
			};
		};
		103720092BC127F600C4492C /* XCRemoteSwiftPackageReference "SnapKit" */ = {
			isa = XCRemoteSwiftPackageReference;
			repositoryURL = "https://github.com/SnapKit/SnapKit.git";
			requirement = {
				kind = upToNextMajorVersion;
				minimumVersion = 5.7.1;
			};
		};
		1037200C2BC1282000C4492C /* XCRemoteSwiftPackageReference "SwipeCellKit" */ = {
			isa = XCRemoteSwiftPackageReference;
			repositoryURL = "https://github.com/SwipeCellKit/SwipeCellKit";
			requirement = {
				kind = upToNextMajorVersion;
				minimumVersion = 2.7.1;
			};
		};
		1037200F2BC1289500C4492C /* XCRemoteSwiftPackageReference "realm-swift" */ = {
			isa = XCRemoteSwiftPackageReference;
			repositoryURL = "https://github.com/realm/realm-swift.git";
			requirement = {
				branch = master;
				kind = branch;
			};
		};
/* End XCRemoteSwiftPackageReference section */

/* Begin XCSwiftPackageProductDependency section */
		103720072BC1279F00C4492C /* Lottie */ = {
			isa = XCSwiftPackageProductDependency;
			package = 103720062BC1279F00C4492C /* XCRemoteSwiftPackageReference "lottie-spm" */;
			productName = Lottie;
		};
		1037200A2BC127F600C4492C /* SnapKit */ = {
			isa = XCSwiftPackageProductDependency;
			package = 103720092BC127F600C4492C /* XCRemoteSwiftPackageReference "SnapKit" */;
			productName = SnapKit;
		};
		1037200D2BC1282000C4492C /* SwipeCellKit */ = {
			isa = XCSwiftPackageProductDependency;
			package = 1037200C2BC1282000C4492C /* XCRemoteSwiftPackageReference "SwipeCellKit" */;
			productName = SwipeCellKit;
		};
		103720102BC1289500C4492C /* RealmSwift */ = {
			isa = XCSwiftPackageProductDependency;
			package = 1037200F2BC1289500C4492C /* XCRemoteSwiftPackageReference "realm-swift" */;
			productName = RealmSwift;
		};
/* End XCSwiftPackageProductDependency section */
	};
	rootObject = 10371FE72BC1277000C4492C /* Project object */;
}
